
Microsoft Visual Studio Solution File, Format Version 12.00
# Visual Studio Version 17
VisualStudioVersion = 17.5.33530.505
MinimumVisualStudioVersion = 10.0.40219.1
Project("{FAE04EC0-301F-11D3-BF4B-00C04F79EFBC}") = "RANDOM_GENERATOR", "RANDOM_GENERATOR\RANDOM_GENERATOR.csproj", "{B9AE613C-CB87-4088-B17B-5E2BCDB9FE6C}"
EndProject
Project("{FAE04EC0-301F-11D3-BF4B-00C04F79EFBC}") = "BG-RANDOM__GENERATOR", "BG-RANDOM__GENERATOR\BG-RANDOM__GENERATOR.csproj", "{A3F40AC9-FBE1-4023-ABCB-C398E5ABC1E0}"
EndProject
Global
	GlobalSection(SolutionConfigurationPlatforms) = preSolution
		Debug|Any CPU = Debug|Any CPU
		Release|Any CPU = Release|Any CPU
	EndGlobalSection
	GlobalSection(ProjectConfigurationPlatforms) = postSolution
		{B9AE613C-CB87-4088-B17B-5E2BCDB9FE6C}.Debug|Any CPU.ActiveCfg = Debug|Any CPU
		{B9AE613C-CB87-4088-B17B-5E2BCDB9FE6C}.Debug|Any CPU.Build.0 = Debug|Any CPU
		{B9AE613C-CB87-4088-B17B-5E2BCDB9FE6C}.Release|Any CPU.ActiveCfg = Release|Any CPU
		{B9AE613C-CB87-4088-B17B-5E2BCDB9FE6C}.Release|Any CPU.Build.0 = Release|Any CPU
		{A3F40AC9-FBE1-4023-ABCB-C398E5ABC1E0}.Debug|Any CPU.ActiveCfg = Debug|Any CPU
		{A3F40AC9-FBE1-4023-ABCB-C398E5ABC1E0}.Debug|Any CPU.Build.0 = Debug|Any CPU
		{A3F40AC9-FBE1-4023-ABCB-C398E5ABC1E0}.Release|Any CPU.ActiveCfg = Release|Any CPU
		{A3F40AC9-FBE1-4023-ABCB-C398E5ABC1E0}.Release|Any CPU.Build.0 = Release|Any CPU
	EndGlobalSection
	GlobalSection(SolutionProperties) = preSolution
		HideSolutionNode = FALSE
	EndGlobalSection
	GlobalSection(ExtensibilityGlobals) = postSolution
		SolutionGuid = {115A18FA-8698-44BA-BAA0-284C18F84C09}
	EndGlobalSection
EndGlobal
